// !$*UTF8*$!
{
	archiveVersion = 1;
	classes = {
	};
	objectVersion = 56;
	objects = {

/* Begin PBXBuildFile section */
		04AC22822B677DAA009B5EA9 /* AppDelegate.swift in Sources */ = {isa = PBXBuildFile; fileRef = 04AC22812B677DAA009B5EA9 /* AppDelegate.swift */; };
		04AC22842B677DAA009B5EA9 /* SceneDelegate.swift in Sources */ = {isa = PBXBuildFile; fileRef = 04AC22832B677DAA009B5EA9 /* SceneDelegate.swift */; };
		04AC22862B677DAA009B5EA9 /* ScannerViewController.swift in Sources */ = {isa = PBXBuildFile; fileRef = 04AC22852B677DAA009B5EA9 /* ScannerViewController.swift */; };
		04AC22892B677DAA009B5EA9 /* Main.storyboard in Resources */ = {isa = PBXBuildFile; fileRef = 04AC22872B677DAA009B5EA9 /* Main.storyboard */; };
		04AC228B2B677DAB009B5EA9 /* Assets.xcassets in Resources */ = {isa = PBXBuildFile; fileRef = 04AC228A2B677DAB009B5EA9 /* Assets.xcassets */; };
		04AC228E2B677DAB009B5EA9 /* LaunchScreen.storyboard in Resources */ = {isa = PBXBuildFile; fileRef = 04AC228C2B677DAB009B5EA9 /* LaunchScreen.storyboard */; };
		04AC22BF2B68B740009B5EA9 /* OpticalCharacterRecognitionAppTests.swift in Sources */ = {isa = PBXBuildFile; fileRef = 04AC22BE2B68B740009B5EA9 /* OpticalCharacterRecognitionAppTests.swift */; };
		04AC22C62B68BB56009B5EA9 /* README.md in Resources */ = {isa = PBXBuildFile; fileRef = 04AC22C52B68BB56009B5EA9 /* README.md */; };
		04AC22CB2B693700009B5EA9 /* Document.swift in Sources */ = {isa = PBXBuildFile; fileRef = 04AC22CA2B693700009B5EA9 /* Document.swift */; };
		04AC22D82B6A1FB3009B5EA9 /* ThemeColor.swift in Sources */ = {isa = PBXBuildFile; fileRef = 04AC22D72B6A1FB3009B5EA9 /* ThemeColor.swift */; };
		04AC22DA2B6A2CA3009B5EA9 /* CapturePhotoUseCase.swift in Sources */ = {isa = PBXBuildFile; fileRef = 04AC22D92B6A2CA3009B5EA9 /* CapturePhotoUseCase.swift */; };
		04AC22DC2B6A33A8009B5EA9 /* DefaultDocumentDetectUseCase.swift in Sources */ = {isa = PBXBuildFile; fileRef = 04AC22DB2B6A33A8009B5EA9 /* DefaultDocumentDetectUseCase.swift */; };
		04AC22DF2B6A372E009B5EA9 /* DetectError.swift in Sources */ = {isa = PBXBuildFile; fileRef = 04AC22DE2B6A372E009B5EA9 /* DetectError.swift */; };
		04AC22E22B6A6012009B5EA9 /* Extension+CIRectangleFeature.swift in Sources */ = {isa = PBXBuildFile; fileRef = 04AC22E12B6A6012009B5EA9 /* Extension+CIRectangleFeature.swift */; };
		04AC22E42B6A63C1009B5EA9 /* FilterType.swift in Sources */ = {isa = PBXBuildFile; fileRef = 04AC22E32B6A63C1009B5EA9 /* FilterType.swift */; };
/* End PBXBuildFile section */

/* Begin PBXContainerItemProxy section */
		04AC22C02B68B740009B5EA9 /* PBXContainerItemProxy */ = {
			isa = PBXContainerItemProxy;
			containerPortal = 04AC22762B677DAA009B5EA9 /* Project object */;
			proxyType = 1;
			remoteGlobalIDString = 04AC227D2B677DAA009B5EA9;
			remoteInfo = OpticalCharacterRecognitionApp;
		};
/* End PBXContainerItemProxy section */

/* Begin PBXFileReference section */
		04AC227E2B677DAA009B5EA9 /* OpticalCharacterRecognitionApp.app */ = {isa = PBXFileReference; explicitFileType = wrapper.application; includeInIndex = 0; path = OpticalCharacterRecognitionApp.app; sourceTree = BUILT_PRODUCTS_DIR; };
		04AC22812B677DAA009B5EA9 /* AppDelegate.swift */ = {isa = PBXFileReference; lastKnownFileType = sourcecode.swift; path = AppDelegate.swift; sourceTree = "<group>"; };
		04AC22832B677DAA009B5EA9 /* SceneDelegate.swift */ = {isa = PBXFileReference; lastKnownFileType = sourcecode.swift; path = SceneDelegate.swift; sourceTree = "<group>"; };
		04AC22852B677DAA009B5EA9 /* ScannerViewController.swift */ = {isa = PBXFileReference; lastKnownFileType = sourcecode.swift; path = ScannerViewController.swift; sourceTree = "<group>"; };
		04AC22882B677DAA009B5EA9 /* Base */ = {isa = PBXFileReference; lastKnownFileType = file.storyboard; name = Base; path = Base.lproj/Main.storyboard; sourceTree = "<group>"; };
		04AC228A2B677DAB009B5EA9 /* Assets.xcassets */ = {isa = PBXFileReference; lastKnownFileType = folder.assetcatalog; path = Assets.xcassets; sourceTree = "<group>"; };
		04AC228D2B677DAB009B5EA9 /* Base */ = {isa = PBXFileReference; lastKnownFileType = file.storyboard; name = Base; path = Base.lproj/LaunchScreen.storyboard; sourceTree = "<group>"; };
		04AC228F2B677DAB009B5EA9 /* Info.plist */ = {isa = PBXFileReference; lastKnownFileType = text.plist.xml; path = Info.plist; sourceTree = "<group>"; };
		04AC22BC2B68B740009B5EA9 /* OpticalCharacterRecognitionAppTests.xctest */ = {isa = PBXFileReference; explicitFileType = wrapper.cfbundle; includeInIndex = 0; path = OpticalCharacterRecognitionAppTests.xctest; sourceTree = BUILT_PRODUCTS_DIR; };
		04AC22BE2B68B740009B5EA9 /* OpticalCharacterRecognitionAppTests.swift */ = {isa = PBXFileReference; lastKnownFileType = sourcecode.swift; path = OpticalCharacterRecognitionAppTests.swift; sourceTree = "<group>"; };
		04AC22C52B68BB56009B5EA9 /* README.md */ = {isa = PBXFileReference; fileEncoding = 4; lastKnownFileType = net.daringfireball.markdown; path = README.md; sourceTree = "<group>"; };
		04AC22CA2B693700009B5EA9 /* Document.swift */ = {isa = PBXFileReference; lastKnownFileType = sourcecode.swift; path = Document.swift; sourceTree = "<group>"; };
		04AC22D72B6A1FB3009B5EA9 /* ThemeColor.swift */ = {isa = PBXFileReference; lastKnownFileType = sourcecode.swift; path = ThemeColor.swift; sourceTree = "<group>"; };
		04AC22D92B6A2CA3009B5EA9 /* CapturePhotoUseCase.swift */ = {isa = PBXFileReference; lastKnownFileType = sourcecode.swift; path = CapturePhotoUseCase.swift; sourceTree = "<group>"; };
		04AC22DB2B6A33A8009B5EA9 /* DefaultDocumentDetectUseCase.swift */ = {isa = PBXFileReference; lastKnownFileType = sourcecode.swift; path = DefaultDocumentDetectUseCase.swift; sourceTree = "<group>"; };
		04AC22DE2B6A372E009B5EA9 /* DetectError.swift */ = {isa = PBXFileReference; lastKnownFileType = sourcecode.swift; path = DetectError.swift; sourceTree = "<group>"; };
		04AC22E12B6A6012009B5EA9 /* Extension+CIRectangleFeature.swift */ = {isa = PBXFileReference; lastKnownFileType = sourcecode.swift; path = "Extension+CIRectangleFeature.swift"; sourceTree = "<group>"; };
		04AC22E32B6A63C1009B5EA9 /* FilterType.swift */ = {isa = PBXFileReference; lastKnownFileType = sourcecode.swift; path = FilterType.swift; sourceTree = "<group>"; };
/* End PBXFileReference section */

/* Begin PBXFrameworksBuildPhase section */
		04AC227B2B677DAA009B5EA9 /* Frameworks */ = {
			isa = PBXFrameworksBuildPhase;
			buildActionMask = 2147483647;
			files = (
			);
			runOnlyForDeploymentPostprocessing = 0;
		};
		04AC22B92B68B740009B5EA9 /* Frameworks */ = {
			isa = PBXFrameworksBuildPhase;
			buildActionMask = 2147483647;
			files = (
			);
			runOnlyForDeploymentPostprocessing = 0;
		};
/* End PBXFrameworksBuildPhase section */

/* Begin PBXGroup section */
		04AC22752B677DAA009B5EA9 = {
			isa = PBXGroup;
			children = (
				04AC22C52B68BB56009B5EA9 /* README.md */,
				04AC22802B677DAA009B5EA9 /* OpticalCharacterRecognitionApp */,
				04AC22BD2B68B740009B5EA9 /* OpticalCharacterRecognitionAppTests */,
				04AC227F2B677DAA009B5EA9 /* Products */,
			);
			sourceTree = "<group>";
		};
		04AC227F2B677DAA009B5EA9 /* Products */ = {
			isa = PBXGroup;
			children = (
				04AC227E2B677DAA009B5EA9 /* OpticalCharacterRecognitionApp.app */,
				04AC22BC2B68B740009B5EA9 /* OpticalCharacterRecognitionAppTests.xctest */,
			);
			name = Products;
			sourceTree = "<group>";
		};
		04AC22802B677DAA009B5EA9 /* OpticalCharacterRecognitionApp */ = {
			isa = PBXGroup;
			children = (
				04AC22812B677DAA009B5EA9 /* AppDelegate.swift */,
				04AC22832B677DAA009B5EA9 /* SceneDelegate.swift */,
				04AC22962B677E52009B5EA9 /* Presentation */,
				04AC22C72B68E403009B5EA9 /* Domain */,
				04AC22C82B68E40F009B5EA9 /* Data */,
				04AC22D02B69DADB009B5EA9 /* Resources */,
			);
			path = OpticalCharacterRecognitionApp;
			sourceTree = "<group>";
		};
		04AC22962B677E52009B5EA9 /* Presentation */ = {
			isa = PBXGroup;
			children = (
				04AC22852B677DAA009B5EA9 /* ScannerViewController.swift */,
				04AC22872B677DAA009B5EA9 /* Main.storyboard */,
				04AC228C2B677DAB009B5EA9 /* LaunchScreen.storyboard */,
			);
			path = Presentation;
			sourceTree = "<group>";
		};
		04AC22972B677E5D009B5EA9 /* UseCase */ = {
			isa = PBXGroup;
			children = (
				04AC22DD2B6A371C009B5EA9 /* Detector */,
				04AC22D92B6A2CA3009B5EA9 /* CapturePhotoUseCase.swift */,
			);
			path = UseCase;
			sourceTree = "<group>";
		};
		04AC22982B677E65009B5EA9 /* Entity */ = {
			isa = PBXGroup;
			children = (
				04AC22CA2B693700009B5EA9 /* Document.swift */,
				04AC22D72B6A1FB3009B5EA9 /* ThemeColor.swift */,
				04AC22E32B6A63C1009B5EA9 /* FilterType.swift */,
				04AC22E02B6A5FF4009B5EA9 /* Extension */,
			);
			path = Entity;
			sourceTree = "<group>";
		};
		04AC22BD2B68B740009B5EA9 /* OpticalCharacterRecognitionAppTests */ = {
			isa = PBXGroup;
			children = (
				04AC22BE2B68B740009B5EA9 /* OpticalCharacterRecognitionAppTests.swift */,
			);
			path = OpticalCharacterRecognitionAppTests;
			sourceTree = "<group>";
		};
		04AC22C72B68E403009B5EA9 /* Domain */ = {
			isa = PBXGroup;
			children = (
				04AC22972B677E5D009B5EA9 /* UseCase */,
				04AC22982B677E65009B5EA9 /* Entity */,
			);
			path = Domain;
			sourceTree = "<group>";
		};
		04AC22C82B68E40F009B5EA9 /* Data */ = {
			isa = PBXGroup;
			children = (
				04AC22C92B68E41A009B5EA9 /* Repository */,
			);
			path = Data;
			sourceTree = "<group>";
		};
		04AC22C92B68E41A009B5EA9 /* Repository */ = {
			isa = PBXGroup;
			children = (
			);
			path = Repository;
			sourceTree = "<group>";
		};
		04AC22D02B69DADB009B5EA9 /* Resources */ = {
			isa = PBXGroup;
			children = (
				04AC228A2B677DAB009B5EA9 /* Assets.xcassets */,
				04AC228F2B677DAB009B5EA9 /* Info.plist */,
			);
			path = Resources;
			sourceTree = "<group>";
		};
		04AC22DD2B6A371C009B5EA9 /* Detector */ = {
			isa = PBXGroup;
			children = (
				04AC22DB2B6A33A8009B5EA9 /* DefaultDocumentDetectUseCase.swift */,
				04AC22DE2B6A372E009B5EA9 /* DetectError.swift */,
			);
			path = Detector;
			sourceTree = "<group>";
		};
		04AC22E02B6A5FF4009B5EA9 /* Extension */ = {
			isa = PBXGroup;
			children = (
				04AC22E12B6A6012009B5EA9 /* Extension+CIRectangleFeature.swift */,
			);
			path = Extension;
			sourceTree = "<group>";
		};
/* End PBXGroup section */

/* Begin PBXNativeTarget section */
		04AC227D2B677DAA009B5EA9 /* OpticalCharacterRecognitionApp */ = {
			isa = PBXNativeTarget;
			buildConfigurationList = 04AC22922B677DAB009B5EA9 /* Build configuration list for PBXNativeTarget "OpticalCharacterRecognitionApp" */;
			buildPhases = (
				04AC227A2B677DAA009B5EA9 /* Sources */,
				04AC227B2B677DAA009B5EA9 /* Frameworks */,
				04AC227C2B677DAA009B5EA9 /* Resources */,
			);
			buildRules = (
			);
			dependencies = (
			);
			name = OpticalCharacterRecognitionApp;
			productName = OpticalCharacterRecognitionApp;
			productReference = 04AC227E2B677DAA009B5EA9 /* OpticalCharacterRecognitionApp.app */;
			productType = "com.apple.product-type.application";
		};
		04AC22BB2B68B740009B5EA9 /* OpticalCharacterRecognitionAppTests */ = {
			isa = PBXNativeTarget;
			buildConfigurationList = 04AC22C42B68B740009B5EA9 /* Build configuration list for PBXNativeTarget "OpticalCharacterRecognitionAppTests" */;
			buildPhases = (
				04AC22B82B68B740009B5EA9 /* Sources */,
				04AC22B92B68B740009B5EA9 /* Frameworks */,
				04AC22BA2B68B740009B5EA9 /* Resources */,
			);
			buildRules = (
			);
			dependencies = (
				04AC22C12B68B740009B5EA9 /* PBXTargetDependency */,
			);
			name = OpticalCharacterRecognitionAppTests;
			productName = OpticalCharacterRecognitionAppTests;
			productReference = 04AC22BC2B68B740009B5EA9 /* OpticalCharacterRecognitionAppTests.xctest */;
			productType = "com.apple.product-type.bundle.unit-test";
		};
/* End PBXNativeTarget section */

/* Begin PBXProject section */
		04AC22762B677DAA009B5EA9 /* Project object */ = {
			isa = PBXProject;
			attributes = {
				BuildIndependentTargetsInParallel = 1;
				LastSwiftUpdateCheck = 1520;
				LastUpgradeCheck = 1520;
				TargetAttributes = {
					04AC227D2B677DAA009B5EA9 = {
						CreatedOnToolsVersion = 15.2;
					};
					04AC22BB2B68B740009B5EA9 = {
						CreatedOnToolsVersion = 15.2;
						TestTargetID = 04AC227D2B677DAA009B5EA9;
					};
				};
			};
			buildConfigurationList = 04AC22792B677DAA009B5EA9 /* Build configuration list for PBXProject "OpticalCharacterRecognitionApp" */;
			compatibilityVersion = "Xcode 14.0";
			developmentRegion = en;
			hasScannedForEncodings = 0;
			knownRegions = (
				en,
				Base,
			);
			mainGroup = 04AC22752B677DAA009B5EA9;
			productRefGroup = 04AC227F2B677DAA009B5EA9 /* Products */;
			projectDirPath = "";
			projectRoot = "";
			targets = (
				04AC227D2B677DAA009B5EA9 /* OpticalCharacterRecognitionApp */,
				04AC22BB2B68B740009B5EA9 /* OpticalCharacterRecognitionAppTests */,
			);
		};
/* End PBXProject section */

/* Begin PBXResourcesBuildPhase section */
		04AC227C2B677DAA009B5EA9 /* Resources */ = {
			isa = PBXResourcesBuildPhase;
			buildActionMask = 2147483647;
			files = (
				04AC228E2B677DAB009B5EA9 /* LaunchScreen.storyboard in Resources */,
				04AC228B2B677DAB009B5EA9 /* Assets.xcassets in Resources */,
				04AC22C62B68BB56009B5EA9 /* README.md in Resources */,
				04AC22892B677DAA009B5EA9 /* Main.storyboard in Resources */,
			);
			runOnlyForDeploymentPostprocessing = 0;
		};
		04AC22BA2B68B740009B5EA9 /* Resources */ = {
			isa = PBXResourcesBuildPhase;
			buildActionMask = 2147483647;
			files = (
			);
			runOnlyForDeploymentPostprocessing = 0;
		};
/* End PBXResourcesBuildPhase section */

/* Begin PBXSourcesBuildPhase section */
		04AC227A2B677DAA009B5EA9 /* Sources */ = {
			isa = PBXSourcesBuildPhase;
			buildActionMask = 2147483647;
			files = (
				04AC22DA2B6A2CA3009B5EA9 /* CapturePhotoUseCase.swift in Sources */,
				04AC22CB2B693700009B5EA9 /* Document.swift in Sources */,
				04AC22E42B6A63C1009B5EA9 /* FilterType.swift in Sources */,
				04AC22E22B6A6012009B5EA9 /* Extension+CIRectangleFeature.swift in Sources */,
				04AC22DF2B6A372E009B5EA9 /* DetectError.swift in Sources */,
				04AC22DC2B6A33A8009B5EA9 /* DefaultDocumentDetectUseCase.swift in Sources */,
				04AC22862B677DAA009B5EA9 /* ScannerViewController.swift in Sources */,
				04AC22822B677DAA009B5EA9 /* AppDelegate.swift in Sources */,
				04AC22842B677DAA009B5EA9 /* SceneDelegate.swift in Sources */,
				04AC22D82B6A1FB3009B5EA9 /* ThemeColor.swift in Sources */,
			);
			runOnlyForDeploymentPostprocessing = 0;
		};
		04AC22B82B68B740009B5EA9 /* Sources */ = {
			isa = PBXSourcesBuildPhase;
			buildActionMask = 2147483647;
			files = (
				04AC22BF2B68B740009B5EA9 /* OpticalCharacterRecognitionAppTests.swift in Sources */,
			);
			runOnlyForDeploymentPostprocessing = 0;
		};
/* End PBXSourcesBuildPhase section */

/* Begin PBXTargetDependency section */
		04AC22C12B68B740009B5EA9 /* PBXTargetDependency */ = {
			isa = PBXTargetDependency;
			target = 04AC227D2B677DAA009B5EA9 /* OpticalCharacterRecognitionApp */;
			targetProxy = 04AC22C02B68B740009B5EA9 /* PBXContainerItemProxy */;
		};
/* End PBXTargetDependency section */

/* Begin PBXVariantGroup section */
		04AC22872B677DAA009B5EA9 /* Main.storyboard */ = {
			isa = PBXVariantGroup;
			children = (
				04AC22882B677DAA009B5EA9 /* Base */,
			);
			name = Main.storyboard;
			sourceTree = "<group>";
		};
		04AC228C2B677DAB009B5EA9 /* LaunchScreen.storyboard */ = {
			isa = PBXVariantGroup;
			children = (
				04AC228D2B677DAB009B5EA9 /* Base */,
			);
			name = LaunchScreen.storyboard;
			sourceTree = "<group>";
		};
/* End PBXVariantGroup section */

/* Begin XCBuildConfiguration section */
		04AC22902B677DAB009B5EA9 /* Debug */ = {
			isa = XCBuildConfiguration;
			buildSettings = {
				ALWAYS_SEARCH_USER_PATHS = NO;
				ASSETCATALOG_COMPILER_GENERATE_SWIFT_ASSET_SYMBOL_EXTENSIONS = YES;
				CLANG_ANALYZER_NONNULL = YES;
				CLANG_ANALYZER_NUMBER_OBJECT_CONVERSION = YES_AGGRESSIVE;
				CLANG_CXX_LANGUAGE_STANDARD = "gnu++20";
				CLANG_ENABLE_MODULES = YES;
				CLANG_ENABLE_OBJC_ARC = YES;
				CLANG_ENABLE_OBJC_WEAK = YES;
				CLANG_WARN_BLOCK_CAPTURE_AUTORELEASING = YES;
				CLANG_WARN_BOOL_CONVERSION = YES;
				CLANG_WARN_COMMA = YES;
				CLANG_WARN_CONSTANT_CONVERSION = YES;
				CLANG_WARN_DEPRECATED_OBJC_IMPLEMENTATIONS = YES;
				CLANG_WARN_DIRECT_OBJC_ISA_USAGE = YES_ERROR;
				CLANG_WARN_DOCUMENTATION_COMMENTS = YES;
				CLANG_WARN_EMPTY_BODY = YES;
				CLANG_WARN_ENUM_CONVERSION = YES;
				CLANG_WARN_INFINITE_RECURSION = YES;
				CLANG_WARN_INT_CONVERSION = YES;
				CLANG_WARN_NON_LITERAL_NULL_CONVERSION = YES;
				CLANG_WARN_OBJC_IMPLICIT_RETAIN_SELF = YES;
				CLANG_WARN_OBJC_LITERAL_CONVERSION = YES;
				CLANG_WARN_OBJC_ROOT_CLASS = YES_ERROR;
				CLANG_WARN_QUOTED_INCLUDE_IN_FRAMEWORK_HEADER = YES;
				CLANG_WARN_RANGE_LOOP_ANALYSIS = YES;
				CLANG_WARN_STRICT_PROTOTYPES = YES;
				CLANG_WARN_SUSPICIOUS_MOVE = YES;
				CLANG_WARN_UNGUARDED_AVAILABILITY = YES_AGGRESSIVE;
				CLANG_WARN_UNREACHABLE_CODE = YES;
				CLANG_WARN__DUPLICATE_METHOD_MATCH = YES;
				COPY_PHASE_STRIP = NO;
				DEBUG_INFORMATION_FORMAT = dwarf;
				ENABLE_STRICT_OBJC_MSGSEND = YES;
				ENABLE_TESTABILITY = YES;
				ENABLE_USER_SCRIPT_SANDBOXING = YES;
				GCC_C_LANGUAGE_STANDARD = gnu17;
				GCC_DYNAMIC_NO_PIC = NO;
				GCC_NO_COMMON_BLOCKS = YES;
				GCC_OPTIMIZATION_LEVEL = 0;
				GCC_PREPROCESSOR_DEFINITIONS = (
					"DEBUG=1",
					"$(inherited)",
				);
				GCC_WARN_64_TO_32_BIT_CONVERSION = YES;
				GCC_WARN_ABOUT_RETURN_TYPE = YES_ERROR;
				GCC_WARN_UNDECLARED_SELECTOR = YES;
				GCC_WARN_UNINITIALIZED_AUTOS = YES_AGGRESSIVE;
				GCC_WARN_UNUSED_FUNCTION = YES;
				GCC_WARN_UNUSED_VARIABLE = YES;
				IPHONEOS_DEPLOYMENT_TARGET = 17.2;
				LOCALIZATION_PREFERS_STRING_CATALOGS = YES;
				MTL_ENABLE_DEBUG_INFO = INCLUDE_SOURCE;
				MTL_FAST_MATH = YES;
				ONLY_ACTIVE_ARCH = YES;
				SDKROOT = iphoneos;
				SWIFT_ACTIVE_COMPILATION_CONDITIONS = "DEBUG $(inherited)";
				SWIFT_OPTIMIZATION_LEVEL = "-Onone";
			};
			name = Debug;
		};
		04AC22912B677DAB009B5EA9 /* Release */ = {
			isa = XCBuildConfiguration;
			buildSettings = {
				ALWAYS_SEARCH_USER_PATHS = NO;
				ASSETCATALOG_COMPILER_GENERATE_SWIFT_ASSET_SYMBOL_EXTENSIONS = YES;
				CLANG_ANALYZER_NONNULL = YES;
				CLANG_ANALYZER_NUMBER_OBJECT_CONVERSION = YES_AGGRESSIVE;
				CLANG_CXX_LANGUAGE_STANDARD = "gnu++20";
				CLANG_ENABLE_MODULES = YES;
				CLANG_ENABLE_OBJC_ARC = YES;
				CLANG_ENABLE_OBJC_WEAK = YES;
				CLANG_WARN_BLOCK_CAPTURE_AUTORELEASING = YES;
				CLANG_WARN_BOOL_CONVERSION = YES;
				CLANG_WARN_COMMA = YES;
				CLANG_WARN_CONSTANT_CONVERSION = YES;
				CLANG_WARN_DEPRECATED_OBJC_IMPLEMENTATIONS = YES;
				CLANG_WARN_DIRECT_OBJC_ISA_USAGE = YES_ERROR;
				CLANG_WARN_DOCUMENTATION_COMMENTS = YES;
				CLANG_WARN_EMPTY_BODY = YES;
				CLANG_WARN_ENUM_CONVERSION = YES;
				CLANG_WARN_INFINITE_RECURSION = YES;
				CLANG_WARN_INT_CONVERSION = YES;
				CLANG_WARN_NON_LITERAL_NULL_CONVERSION = YES;
				CLANG_WARN_OBJC_IMPLICIT_RETAIN_SELF = YES;
				CLANG_WARN_OBJC_LITERAL_CONVERSION = YES;
				CLANG_WARN_OBJC_ROOT_CLASS = YES_ERROR;
				CLANG_WARN_QUOTED_INCLUDE_IN_FRAMEWORK_HEADER = YES;
				CLANG_WARN_RANGE_LOOP_ANALYSIS = YES;
				CLANG_WARN_STRICT_PROTOTYPES = YES;
				CLANG_WARN_SUSPICIOUS_MOVE = YES;
				CLANG_WARN_UNGUARDED_AVAILABILITY = YES_AGGRESSIVE;
				CLANG_WARN_UNREACHABLE_CODE = YES;
				CLANG_WARN__DUPLICATE_METHOD_MATCH = YES;
				COPY_PHASE_STRIP = NO;
				DEBUG_INFORMATION_FORMAT = "dwarf-with-dsym";
				ENABLE_NS_ASSERTIONS = NO;
				ENABLE_STRICT_OBJC_MSGSEND = YES;
				ENABLE_USER_SCRIPT_SANDBOXING = YES;
				GCC_C_LANGUAGE_STANDARD = gnu17;
				GCC_NO_COMMON_BLOCKS = YES;
				GCC_WARN_64_TO_32_BIT_CONVERSION = YES;
				GCC_WARN_ABOUT_RETURN_TYPE = YES_ERROR;
				GCC_WARN_UNDECLARED_SELECTOR = YES;
				GCC_WARN_UNINITIALIZED_AUTOS = YES_AGGRESSIVE;
				GCC_WARN_UNUSED_FUNCTION = YES;
				GCC_WARN_UNUSED_VARIABLE = YES;
				IPHONEOS_DEPLOYMENT_TARGET = 17.2;
				LOCALIZATION_PREFERS_STRING_CATALOGS = YES;
				MTL_ENABLE_DEBUG_INFO = NO;
				MTL_FAST_MATH = YES;
				SDKROOT = iphoneos;
				SWIFT_COMPILATION_MODE = wholemodule;
				VALIDATE_PRODUCT = YES;
			};
			name = Release;
		};
		04AC22932B677DAB009B5EA9 /* Debug */ = {
			isa = XCBuildConfiguration;
			buildSettings = {
				ASSETCATALOG_COMPILER_APPICON_NAME = AppIcon;
				ASSETCATALOG_COMPILER_GLOBAL_ACCENT_COLOR_NAME = AccentColor;
				CODE_SIGN_STYLE = Automatic;
				CURRENT_PROJECT_VERSION = 1;
				DEVELOPMENT_TEAM = P85DW78LYM;
				GENERATE_INFOPLIST_FILE = YES;
				INFOPLIST_FILE = OpticalCharacterRecognitionApp/Resources/Info.plist;
				INFOPLIST_KEY_UIApplicationSupportsIndirectInputEvents = YES;
				INFOPLIST_KEY_UILaunchStoryboardName = LaunchScreen;
				INFOPLIST_KEY_UIMainStoryboardFile = Main;
				INFOPLIST_KEY_UISupportedInterfaceOrientations_iPad = "UIInterfaceOrientationPortrait UIInterfaceOrientationPortraitUpsideDown UIInterfaceOrientationLandscapeLeft UIInterfaceOrientationLandscapeRight";
				INFOPLIST_KEY_UISupportedInterfaceOrientations_iPhone = "UIInterfaceOrientationPortrait UIInterfaceOrientationLandscapeLeft UIInterfaceOrientationLandscapeRight";
				IPHONEOS_DEPLOYMENT_TARGET = 16.0;
				LD_RUNPATH_SEARCH_PATHS = (
					"$(inherited)",
					"@executable_path/Frameworks",
				);
				MARKETING_VERSION = 1.0;
				PRODUCT_BUNDLE_IDENTIFIER = SwainYun.OpticalCharacterRecognitionApp;
				PRODUCT_NAME = "$(TARGET_NAME)";
				SUPPORTED_PLATFORMS = "iphoneos iphonesimulator";
				SUPPORTS_MACCATALYST = NO;
				SUPPORTS_MAC_DESIGNED_FOR_IPHONE_IPAD = NO;
				SUPPORTS_XR_DESIGNED_FOR_IPHONE_IPAD = NO;
				SWIFT_EMIT_LOC_STRINGS = YES;
				SWIFT_VERSION = 5.0;
				TARGETED_DEVICE_FAMILY = "1,2";
			};
			name = Debug;
		};
		04AC22942B677DAB009B5EA9 /* Release */ = {
			isa = XCBuildConfiguration;
			buildSettings = {
				ASSETCATALOG_COMPILER_APPICON_NAME = AppIcon;
				ASSETCATALOG_COMPILER_GLOBAL_ACCENT_COLOR_NAME = AccentColor;
				CODE_SIGN_STYLE = Automatic;
				CURRENT_PROJECT_VERSION = 1;
				DEVELOPMENT_TEAM = P85DW78LYM;
				GENERATE_INFOPLIST_FILE = YES;
				INFOPLIST_FILE = OpticalCharacterRecognitionApp/Resources/Info.plist;
				INFOPLIST_KEY_UIApplicationSupportsIndirectInputEvents = YES;
				INFOPLIST_KEY_UILaunchStoryboardName = LaunchScreen;
				INFOPLIST_KEY_UIMainStoryboardFile = Main;
				INFOPLIST_KEY_UISupportedInterfaceOrientations_iPad = "UIInterfaceOrientationPortrait UIInterfaceOrientationPortraitUpsideDown UIInterfaceOrientationLandscapeLeft UIInterfaceOrientationLandscapeRight";
				INFOPLIST_KEY_UISupportedInterfaceOrientations_iPhone = "UIInterfaceOrientationPortrait UIInterfaceOrientationLandscapeLeft UIInterfaceOrientationLandscapeRight";
				IPHONEOS_DEPLOYMENT_TARGET = 16.0;
				LD_RUNPATH_SEARCH_PATHS = (
					"$(inherited)",
					"@executable_path/Frameworks",
				);
				MARKETING_VERSION = 1.0;
				PRODUCT_BUNDLE_IDENTIFIER = SwainYun.OpticalCharacterRecognitionApp;
				PRODUCT_NAME = "$(TARGET_NAME)";
				SUPPORTED_PLATFORMS = "iphoneos iphonesimulator";
				SUPPORTS_MACCATALYST = NO;
				SUPPORTS_MAC_DESIGNED_FOR_IPHONE_IPAD = NO;
				SUPPORTS_XR_DESIGNED_FOR_IPHONE_IPAD = NO;
				SWIFT_EMIT_LOC_STRINGS = YES;
				SWIFT_VERSION = 5.0;
				TARGETED_DEVICE_FAMILY = "1,2";
			};
			name = Release;
		};
		04AC22C22B68B740009B5EA9 /* Debug */ = {
			isa = XCBuildConfiguration;
			buildSettings = {
				BUNDLE_LOADER = "$(TEST_HOST)";
				CODE_SIGN_STYLE = Automatic;
				CURRENT_PROJECT_VERSION = 1;
				DEVELOPMENT_TEAM = P85DW78LYM;
				GENERATE_INFOPLIST_FILE = YES;
				MARKETING_VERSION = 1.0;
				PRODUCT_BUNDLE_IDENTIFIER = SwainYun.OpticalCharacterRecognitionAppTests;
				PRODUCT_NAME = "$(TARGET_NAME)";
				SWIFT_EMIT_LOC_STRINGS = NO;
				SWIFT_VERSION = 5.0;
				TARGETED_DEVICE_FAMILY = "1,2";
				TEST_HOST = "$(BUILT_PRODUCTS_DIR)/OpticalCharacterRecognitionApp.app/$(BUNDLE_EXECUTABLE_FOLDER_PATH)/OpticalCharacterRecognitionApp";
			};
			name = Debug;
		};
		04AC22C32B68B740009B5EA9 /* Release */ = {
			isa = XCBuildConfiguration;
			buildSettings = {
				BUNDLE_LOADER = "$(TEST_HOST)";
				CODE_SIGN_STYLE = Automatic;
				CURRENT_PROJECT_VERSION = 1;
				DEVELOPMENT_TEAM = P85DW78LYM;
				GENERATE_INFOPLIST_FILE = YES;
				MARKETING_VERSION = 1.0;
				PRODUCT_BUNDLE_IDENTIFIER = SwainYun.OpticalCharacterRecognitionAppTests;
				PRODUCT_NAME = "$(TARGET_NAME)";
				SWIFT_EMIT_LOC_STRINGS = NO;
				SWIFT_VERSION = 5.0;
				TARGETED_DEVICE_FAMILY = "1,2";
				TEST_HOST = "$(BUILT_PRODUCTS_DIR)/OpticalCharacterRecognitionApp.app/$(BUNDLE_EXECUTABLE_FOLDER_PATH)/OpticalCharacterRecognitionApp";
			};
			name = Release;
		};
/* End XCBuildConfiguration section */

/* Begin XCConfigurationList section */
		04AC22792B677DAA009B5EA9 /* Build configuration list for PBXProject "OpticalCharacterRecognitionApp" */ = {
			isa = XCConfigurationList;
			buildConfigurations = (
				04AC22902B677DAB009B5EA9 /* Debug */,
				04AC22912B677DAB009B5EA9 /* Release */,
			);
			defaultConfigurationIsVisible = 0;
			defaultConfigurationName = Release;
		};
		04AC22922B677DAB009B5EA9 /* Build configuration list for PBXNativeTarget "OpticalCharacterRecognitionApp" */ = {
			isa = XCConfigurationList;
			buildConfigurations = (
				04AC22932B677DAB009B5EA9 /* Debug */,
				04AC22942B677DAB009B5EA9 /* Release */,
			);
			defaultConfigurationIsVisible = 0;
			defaultConfigurationName = Release;
		};
		04AC22C42B68B740009B5EA9 /* Build configuration list for PBXNativeTarget "OpticalCharacterRecognitionAppTests" */ = {
			isa = XCConfigurationList;
			buildConfigurations = (
				04AC22C22B68B740009B5EA9 /* Debug */,
				04AC22C32B68B740009B5EA9 /* Release */,
			);
			defaultConfigurationIsVisible = 0;
			defaultConfigurationName = Release;
		};
/* End XCConfigurationList section */
	};
	rootObject = 04AC22762B677DAA009B5EA9 /* Project object */;
}
